
Microsoft Visual Studio Solution File, Format Version 12.00
# Visual Studio Version 17
VisualStudioVersion = 17.3.32901.215
MinimumVisualStudioVersion = 10.0.40219.1
Project("{FAE04EC0-301F-11D3-BF4B-00C04F79EFBC}") = "drewsfuckinstringconfigtask", "drewsfuckinstringconfigtask\drewsfuckinstringconfigtask.csproj", "{D6468642-3873-4B44-82D6-72B418DDAC26}"
EndProject
Global
	GlobalSection(SolutionConfigurationPlatforms) = preSolution
		Debug|Any CPU = Debug|Any CPU
		Release|Any CPU = Release|Any CPU
	EndGlobalSection
	GlobalSection(ProjectConfigurationPlatforms) = postSolution
		{D6468642-3873-4B44-82D6-72B418DDAC26}.Debug|Any CPU.ActiveCfg = Debug|Any CPU
		{D6468642-3873-4B44-82D6-72B418DDAC26}.Debug|Any CPU.Build.0 = Debug|Any CPU
		{D6468642-3873-4B44-82D6-72B418DDAC26}.Release|Any CPU.ActiveCfg = Release|Any CPU
		{D6468642-3873-4B44-82D6-72B418DDAC26}.Release|Any CPU.Build.0 = Release|Any CPU
	EndGlobalSection
	GlobalSection(SolutionProperties) = preSolution
		HideSolutionNode = FALSE
	EndGlobalSection
	GlobalSection(ExtensibilityGlobals) = postSolution
		SolutionGuid = {7B41F780-938F-4F86-B7A9-9F20E60BBBA2}
	EndGlobalSection
EndGlobal
